
Microsoft Visual Studio Solution File, Format Version 12.00
# Visual Studio Version 17
VisualStudioVersion = 17.4.33213.308
MinimumVisualStudioVersion = 10.0.40219.1
Project("{FAE04EC0-301F-11D3-BF4B-00C04F79EFBC}") = "DevTrustDemoUI", "DevTrustDemo\DevTrustDemoUI.csproj", "{BCE6A5A5-31D0-46BC-8C7C-734DF60C20F1}"
EndProject
Project("{FAE04EC0-301F-11D3-BF4B-00C04F79EFBC}") = "NorthwindData", "NorthwindData\NorthwindData.csproj", "{3315C763-9404-4419-A2D1-3151DB2EA648}"
EndProject
Project("{FAE04EC0-301F-11D3-BF4B-00C04F79EFBC}") = "DevTrustDemoSerializationLibrary", "DevTrustDemoSerializationLibrary\DevTrustDemoSerializationLibrary.csproj", "{16DF9715-6D9D-4754-8A62-CE4C348DBC33}"
EndProject
Project("{FAE04EC0-301F-11D3-BF4B-00C04F79EFBC}") = "MvvmDialogsLibrary", "MvvmDialogsLibrary\MvvmDialogsLibrary.csproj", "{52583A94-69F2-4014-BFD9-721AABEE21E0}"
EndProject
Global
	GlobalSection(SolutionConfigurationPlatforms) = preSolution
		Debug|Any CPU = Debug|Any CPU
		Release|Any CPU = Release|Any CPU
	EndGlobalSection
	GlobalSection(ProjectConfigurationPlatforms) = postSolution
		{BCE6A5A5-31D0-46BC-8C7C-734DF60C20F1}.Debug|Any CPU.ActiveCfg = Debug|Any CPU
		{BCE6A5A5-31D0-46BC-8C7C-734DF60C20F1}.Debug|Any CPU.Build.0 = Debug|Any CPU
		{BCE6A5A5-31D0-46BC-8C7C-734DF60C20F1}.Release|Any CPU.ActiveCfg = Release|Any CPU
		{BCE6A5A5-31D0-46BC-8C7C-734DF60C20F1}.Release|Any CPU.Build.0 = Release|Any CPU
		{3315C763-9404-4419-A2D1-3151DB2EA648}.Debug|Any CPU.ActiveCfg = Debug|Any CPU
		{3315C763-9404-4419-A2D1-3151DB2EA648}.Debug|Any CPU.Build.0 = Debug|Any CPU
		{3315C763-9404-4419-A2D1-3151DB2EA648}.Release|Any CPU.ActiveCfg = Release|Any CPU
		{3315C763-9404-4419-A2D1-3151DB2EA648}.Release|Any CPU.Build.0 = Release|Any CPU
		{16DF9715-6D9D-4754-8A62-CE4C348DBC33}.Debug|Any CPU.ActiveCfg = Debug|Any CPU
		{16DF9715-6D9D-4754-8A62-CE4C348DBC33}.Debug|Any CPU.Build.0 = Debug|Any CPU
		{16DF9715-6D9D-4754-8A62-CE4C348DBC33}.Release|Any CPU.ActiveCfg = Release|Any CPU
		{16DF9715-6D9D-4754-8A62-CE4C348DBC33}.Release|Any CPU.Build.0 = Release|Any CPU
		{52583A94-69F2-4014-BFD9-721AABEE21E0}.Debug|Any CPU.ActiveCfg = Debug|Any CPU
		{52583A94-69F2-4014-BFD9-721AABEE21E0}.Debug|Any CPU.Build.0 = Debug|Any CPU
		{52583A94-69F2-4014-BFD9-721AABEE21E0}.Release|Any CPU.ActiveCfg = Release|Any CPU
		{52583A94-69F2-4014-BFD9-721AABEE21E0}.Release|Any CPU.Build.0 = Release|Any CPU
	EndGlobalSection
	GlobalSection(SolutionProperties) = preSolution
		HideSolutionNode = FALSE
	EndGlobalSection
	GlobalSection(ExtensibilityGlobals) = postSolution
		SolutionGuid = {4DEDC811-D348-40D9-9273-FA77F8A02580}
	EndGlobalSection
EndGlobal
